
Microsoft Visual Studio Solution File, Format Version 12.00
# Visual Studio Version 17
VisualStudioVersion = 17.0.32112.339
MinimumVisualStudioVersion = 10.0.40219.1
Project("{FAE04EC0-301F-11D3-BF4B-00C04F79EFBC}") = "BuildBenchmark", "BuildBenchmark.csproj", "{BF324254-E7B7-466C-BE08-16CAA5BFFC71}"
EndProject
Global
	GlobalSection(SolutionConfigurationPlatforms) = preSolution
		Debug|Any CPU = Debug|Any CPU
		Release|Any CPU = Release|Any CPU
	EndGlobalSection
	GlobalSection(ProjectConfigurationPlatforms) = postSolution
		{BF324254-E7B7-466C-BE08-16CAA5BFFC71}.Debug|Any CPU.ActiveCfg = Debug|Any CPU
		{BF324254-E7B7-466C-BE08-16CAA5BFFC71}.Debug|Any CPU.Build.0 = Debug|Any CPU
		{BF324254-E7B7-466C-BE08-16CAA5BFFC71}.Release|Any CPU.ActiveCfg = Release|Any CPU
		{BF324254-E7B7-466C-BE08-16CAA5BFFC71}.Release|Any CPU.Build.0 = Release|Any CPU
	EndGlobalSection
	GlobalSection(SolutionProperties) = preSolution
		HideSolutionNode = FALSE
	EndGlobalSection
	GlobalSection(ExtensibilityGlobals) = postSolution
		SolutionGuid = {83B20197-3432-4389-BA54-BBA4EC2B4E3C}
	EndGlobalSection
EndGlobal
